Microsoft Visual Studio Solution File, Format Version 12.00
# Visual Studio 14
VisualStudioVersion = 14.0.24720.0
MinimumVisualStudioVersion = 10.0.40219.1
Project("{2150E333-8FDC-42A3-9474-1A3956D46DE8}") = ".paket", ".paket", "{63297B98-5CED-492C-A5B7-A5B4F73CF142}"
	ProjectSection(SolutionItems) = preProject
		paket.dependencies = paket.dependencies
		paket.lock = paket.lock
	EndProjectSection
EndProject
Project("{2150E333-8FDC-42A3-9474-1A3956D46DE8}") = "docs", "docs", "{A6A6AF7D-D6E3-442D-9B1E-58CC91879BE1}"
EndProject
Project("{2150E333-8FDC-42A3-9474-1A3956D46DE8}") = "project", "project", "{BF60BC93-E09B-4E5F-9D85-95A519479D54}"
	ProjectSection(SolutionItems) = preProject
		build.fsx = build.fsx
		README.md = README.md
		RELEASE_NOTES.md = RELEASE_NOTES.md
	EndProjectSection
EndProject
Project("{2150E333-8FDC-42A3-9474-1A3956D46DE8}") = "tools", "tools", "{83F16175-43B1-4C90-A1EE-8E351C33435D}"
	ProjectSection(SolutionItems) = preProject
		docs\tools\generate.fsx = docs\tools\generate.fsx
		docs\tools\templates\template.cshtml = docs\tools\templates\template.cshtml
	EndProjectSection
EndProject
Project("{2150E333-8FDC-42A3-9474-1A3956D46DE8}") = "content", "content", "{8E6D5255-776D-4B61-85F9-73C37AA1FB9A}"
	ProjectSection(SolutionItems) = preProject
		docs\content\index.fsx = docs\content\index.fsx
		docs\content\tutorial.fsx = docs\content\tutorial.fsx
	EndProjectSection
EndProject
Project("{2150E333-8FDC-42A3-9474-1A3956D46DE8}") = "tests", "tests", "{ED8079DD-2B06-4030-9F0F-DC548F98E1C4}"
EndProject
Project("{F2A71F9B-5D33-465A-A702-920D77279786}") = "TargetProcess2Exchange.Tests", "tests\TargetProcess2Exchange.Tests\TargetProcess2Exchange.Tests.fsproj", "{97BE55D0-C641-4C27-BA4A-F4717DE95034}"
EndProject
Project("{2150E333-8FDC-42A3-9474-1A3956D46DE8}") = "clients", "clients", "{5861A35A-C72B-4CDD-8408-832E294AF2EC}"
EndProject
Project("{F2A71F9B-5D33-465A-A702-920D77279786}") = "TargetProcess2Exchange.ConsoleApplication", "clients\TargetProcess2Exchange.ConsoleApplication\TargetProcess2Exchange.ConsoleApplication.fsproj", "{15A000B7-9E76-4802-82B6-CA05F32AD20B}"
EndProject
Project("{F2A71F9B-5D33-465A-A702-920D77279786}") = "TargetProcess2Exchange.Fx", "src\TargetProcess2Exchange.Fx\TargetProcess2Exchange.Fx.fsproj", "{20EABA0D-BAC0-4E2C-ABCD-E0CD459669CF}"
EndProject
Project("{2150E333-8FDC-42A3-9474-1A3956D46DE8}") = "support", "support", "{B3066490-A9A6-4A16-8F8F-21368A22B454}"
EndProject
Project("{F2A71F9B-5D33-465A-A702-920D77279786}") = "Support.Autofac", "support\Support.Autofac\Support.Autofac.fsproj", "{D4162D47-88B0-4DD4-8EC2-1986648DFCBE}"
EndProject
Project("{2150E333-8FDC-42A3-9474-1A3956D46DE8}") = "unit", "unit", "{276AA61E-470F-44F2-B02C-63EB11D317D0}"
EndProject
Project("{2150E333-8FDC-42A3-9474-1A3956D46DE8}") = "bdd", "bdd", "{1FA67B72-66D7-4B76-A046-1813CEA32B55}"
EndProject
Project("{2150E333-8FDC-42A3-9474-1A3956D46DE8}") = "bdd ui", "bdd ui", "{169E2C0F-36CF-44DF-BE83-3CB3C3D7071B}"
EndProject
Project("{F2A71F9B-5D33-465A-A702-920D77279786}") = "TargetProcess2Exchange.BDD.Tests", "tests\TargetProcess2Exchange.BDDTests\TargetProcess2Exchange.BDD.Tests.fsproj", "{2D42A751-9735-4C5B-8354-584BFC49199D}"
EndProject
Project("{F2A71F9B-5D33-465A-A702-920D77279786}") = "Support", "support\Support\Support.fsproj", "{2D53F445-D618-45E1-9097-790610241FBE}"
EndProject
Global
	GlobalSection(SolutionConfigurationPlatforms) = preSolution
		Debug|Any CPU = Debug|Any CPU
		Debug|ARM = Debug|ARM
		Debug|x64 = Debug|x64
		Debug|x86 = Debug|x86
		Release|Any CPU = Release|Any CPU
		Release|ARM = Release|ARM
		Release|x64 = Release|x64
		Release|x86 = Release|x86
	EndGlobalSection
	GlobalSection(ProjectConfigurationPlatforms) = postSolution
		{97BE55D0-C641-4C27-BA4A-F4717DE95034}.Debug|Any CPU.ActiveCfg = Debug|Any CPU
		{97BE55D0-C641-4C27-BA4A-F4717DE95034}.Debug|Any CPU.Build.0 = Debug|Any CPU
		{97BE55D0-C641-4C27-BA4A-F4717DE95034}.Debug|ARM.ActiveCfg = Debug|Any CPU
		{97BE55D0-C641-4C27-BA4A-F4717DE95034}.Debug|ARM.Build.0 = Debug|Any CPU
		{97BE55D0-C641-4C27-BA4A-F4717DE95034}.Debug|x64.ActiveCfg = Debug|Any CPU
		{97BE55D0-C641-4C27-BA4A-F4717DE95034}.Debug|x64.Build.0 = Debug|Any CPU
		{97BE55D0-C641-4C27-BA4A-F4717DE95034}.Debug|x86.ActiveCfg = Debug|Any CPU
		{97BE55D0-C641-4C27-BA4A-F4717DE95034}.Debug|x86.Build.0 = Debug|Any CPU
		{97BE55D0-C641-4C27-BA4A-F4717DE95034}.Release|Any CPU.ActiveCfg = Release|Any CPU
		{97BE55D0-C641-4C27-BA4A-F4717DE95034}.Release|Any CPU.Build.0 = Release|Any CPU
		{97BE55D0-C641-4C27-BA4A-F4717DE95034}.Release|ARM.ActiveCfg = Release|Any CPU
		{97BE55D0-C641-4C27-BA4A-F4717DE95034}.Release|ARM.Build.0 = Release|Any CPU
		{97BE55D0-C641-4C27-BA4A-F4717DE95034}.Release|x64.ActiveCfg = Release|Any CPU
		{97BE55D0-C641-4C27-BA4A-F4717DE95034}.Release|x64.Build.0 = Release|Any CPU
		{97BE55D0-C641-4C27-BA4A-F4717DE95034}.Release|x86.ActiveCfg = Release|Any CPU
		{97BE55D0-C641-4C27-BA4A-F4717DE95034}.Release|x86.Build.0 = Release|Any CPU
		{15A000B7-9E76-4802-82B6-CA05F32AD20B}.Debug|Any CPU.ActiveCfg = Debug|Any CPU
		{15A000B7-9E76-4802-82B6-CA05F32AD20B}.Debug|Any CPU.Build.0 = Debug|Any CPU
		{15A000B7-9E76-4802-82B6-CA05F32AD20B}.Debug|ARM.ActiveCfg = Debug|Any CPU
		{15A000B7-9E76-4802-82B6-CA05F32AD20B}.Debug|ARM.Build.0 = Debug|Any CPU
		{15A000B7-9E76-4802-82B6-CA05F32AD20B}.Debug|x64.ActiveCfg = Debug|Any CPU
		{15A000B7-9E76-4802-82B6-CA05F32AD20B}.Debug|x64.Build.0 = Debug|Any CPU
		{15A000B7-9E76-4802-82B6-CA05F32AD20B}.Debug|x86.ActiveCfg = Debug|Any CPU
		{15A000B7-9E76-4802-82B6-CA05F32AD20B}.Debug|x86.Build.0 = Debug|Any CPU
		{15A000B7-9E76-4802-82B6-CA05F32AD20B}.Release|Any CPU.ActiveCfg = Release|Any CPU
		{15A000B7-9E76-4802-82B6-CA05F32AD20B}.Release|Any CPU.Build.0 = Release|Any CPU
		{15A000B7-9E76-4802-82B6-CA05F32AD20B}.Release|ARM.ActiveCfg = Release|Any CPU
		{15A000B7-9E76-4802-82B6-CA05F32AD20B}.Release|ARM.Build.0 = Release|Any CPU
		{15A000B7-9E76-4802-82B6-CA05F32AD20B}.Release|x64.ActiveCfg = Release|Any CPU
		{15A000B7-9E76-4802-82B6-CA05F32AD20B}.Release|x64.Build.0 = Release|Any CPU
		{15A000B7-9E76-4802-82B6-CA05F32AD20B}.Release|x86.ActiveCfg = Release|Any CPU
		{15A000B7-9E76-4802-82B6-CA05F32AD20B}.Release|x86.Build.0 = Release|Any CPU
		{20EABA0D-BAC0-4E2C-ABCD-E0CD459669CF}.Debug|Any CPU.ActiveCfg = Debug|Any CPU
		{20EABA0D-BAC0-4E2C-ABCD-E0CD459669CF}.Debug|Any CPU.Build.0 = Debug|Any CPU
		{20EABA0D-BAC0-4E2C-ABCD-E0CD459669CF}.Debug|ARM.ActiveCfg = Debug|Any CPU
		{20EABA0D-BAC0-4E2C-ABCD-E0CD459669CF}.Debug|ARM.Build.0 = Debug|Any CPU
		{20EABA0D-BAC0-4E2C-ABCD-E0CD459669CF}.Debug|x64.ActiveCfg = Debug|Any CPU
		{20EABA0D-BAC0-4E2C-ABCD-E0CD459669CF}.Debug|x64.Build.0 = Debug|Any CPU
		{20EABA0D-BAC0-4E2C-ABCD-E0CD459669CF}.Debug|x86.ActiveCfg = Debug|Any CPU
		{20EABA0D-BAC0-4E2C-ABCD-E0CD459669CF}.Debug|x86.Build.0 = Debug|Any CPU
		{20EABA0D-BAC0-4E2C-ABCD-E0CD459669CF}.Release|Any CPU.ActiveCfg = Release|Any CPU
		{20EABA0D-BAC0-4E2C-ABCD-E0CD459669CF}.Release|Any CPU.Build.0 = Release|Any CPU
		{20EABA0D-BAC0-4E2C-ABCD-E0CD459669CF}.Release|ARM.ActiveCfg = Release|Any CPU
		{20EABA0D-BAC0-4E2C-ABCD-E0CD459669CF}.Release|ARM.Build.0 = Release|Any CPU
		{20EABA0D-BAC0-4E2C-ABCD-E0CD459669CF}.Release|x64.ActiveCfg = Release|Any CPU
		{20EABA0D-BAC0-4E2C-ABCD-E0CD459669CF}.Release|x64.Build.0 = Release|Any CPU
		{20EABA0D-BAC0-4E2C-ABCD-E0CD459669CF}.Release|x86.ActiveCfg = Release|Any CPU
		{20EABA0D-BAC0-4E2C-ABCD-E0CD459669CF}.Release|x86.Build.0 = Release|Any CPU
		{D4162D47-88B0-4DD4-8EC2-1986648DFCBE}.Debug|Any CPU.ActiveCfg = Debug|Any CPU
		{D4162D47-88B0-4DD4-8EC2-1986648DFCBE}.Debug|Any CPU.Build.0 = Debug|Any CPU
		{D4162D47-88B0-4DD4-8EC2-1986648DFCBE}.Debug|ARM.ActiveCfg = Debug|Any CPU
		{D4162D47-88B0-4DD4-8EC2-1986648DFCBE}.Debug|ARM.Build.0 = Debug|Any CPU
		{D4162D47-88B0-4DD4-8EC2-1986648DFCBE}.Debug|x64.ActiveCfg = Debug|Any CPU
		{D4162D47-88B0-4DD4-8EC2-1986648DFCBE}.Debug|x64.Build.0 = Debug|Any CPU
		{D4162D47-88B0-4DD4-8EC2-1986648DFCBE}.Debug|x86.ActiveCfg = Debug|Any CPU
		{D4162D47-88B0-4DD4-8EC2-1986648DFCBE}.Debug|x86.Build.0 = Debug|Any CPU
		{D4162D47-88B0-4DD4-8EC2-1986648DFCBE}.Release|Any CPU.ActiveCfg = Release|Any CPU
		{D4162D47-88B0-4DD4-8EC2-1986648DFCBE}.Release|Any CPU.Build.0 = Release|Any CPU
		{D4162D47-88B0-4DD4-8EC2-1986648DFCBE}.Release|ARM.ActiveCfg = Release|Any CPU
		{D4162D47-88B0-4DD4-8EC2-1986648DFCBE}.Release|ARM.Build.0 = Release|Any CPU
		{D4162D47-88B0-4DD4-8EC2-1986648DFCBE}.Release|x64.ActiveCfg = Release|Any CPU
		{D4162D47-88B0-4DD4-8EC2-1986648DFCBE}.Release|x64.Build.0 = Release|Any CPU
		{D4162D47-88B0-4DD4-8EC2-1986648DFCBE}.Release|x86.ActiveCfg = Release|Any CPU
		{D4162D47-88B0-4DD4-8EC2-1986648DFCBE}.Release|x86.Build.0 = Release|Any CPU
		{2D42A751-9735-4C5B-8354-584BFC49199D}.Debug|Any CPU.ActiveCfg = Debug|Any CPU
		{2D42A751-9735-4C5B-8354-584BFC49199D}.Debug|Any CPU.Build.0 = Debug|Any CPU
		{2D42A751-9735-4C5B-8354-584BFC49199D}.Debug|ARM.ActiveCfg = Debug|Any CPU
		{2D42A751-9735-4C5B-8354-584BFC49199D}.Debug|ARM.Build.0 = Debug|Any CPU
		{2D42A751-9735-4C5B-8354-584BFC49199D}.Debug|x64.ActiveCfg = Debug|Any CPU
		{2D42A751-9735-4C5B-8354-584BFC49199D}.Debug|x64.Build.0 = Debug|Any CPU
		{2D42A751-9735-4C5B-8354-584BFC49199D}.Debug|x86.ActiveCfg = Debug|Any CPU
		{2D42A751-9735-4C5B-8354-584BFC49199D}.Debug|x86.Build.0 = Debug|Any CPU
		{2D42A751-9735-4C5B-8354-584BFC49199D}.Release|Any CPU.ActiveCfg = Release|Any CPU
		{2D42A751-9735-4C5B-8354-584BFC49199D}.Release|Any CPU.Build.0 = Release|Any CPU
		{2D42A751-9735-4C5B-8354-584BFC49199D}.Release|ARM.ActiveCfg = Release|Any CPU
		{2D42A751-9735-4C5B-8354-584BFC49199D}.Release|ARM.Build.0 = Release|Any CPU
		{2D42A751-9735-4C5B-8354-584BFC49199D}.Release|x64.ActiveCfg = Release|Any CPU
		{2D42A751-9735-4C5B-8354-584BFC49199D}.Release|x64.Build.0 = Release|Any CPU
		{2D42A751-9735-4C5B-8354-584BFC49199D}.Release|x86.ActiveCfg = Release|Any CPU
		{2D42A751-9735-4C5B-8354-584BFC49199D}.Release|x86.Build.0 = Release|Any CPU
		{2D53F445-D618-45E1-9097-790610241FBE}.Debug|Any CPU.ActiveCfg = Debug|Any CPU
		{2D53F445-D618-45E1-9097-790610241FBE}.Debug|Any CPU.Build.0 = Debug|Any CPU
		{2D53F445-D618-45E1-9097-790610241FBE}.Debug|ARM.ActiveCfg = Debug|Any CPU
		{2D53F445-D618-45E1-9097-790610241FBE}.Debug|ARM.Build.0 = Debug|Any CPU
		{2D53F445-D618-45E1-9097-790610241FBE}.Debug|x64.ActiveCfg = Debug|Any CPU
		{2D53F445-D618-45E1-9097-790610241FBE}.Debug|x64.Build.0 = Debug|Any CPU
		{2D53F445-D618-45E1-9097-790610241FBE}.Debug|x86.ActiveCfg = Debug|Any CPU
		{2D53F445-D618-45E1-9097-790610241FBE}.Debug|x86.Build.0 = Debug|Any CPU
		{2D53F445-D618-45E1-9097-790610241FBE}.Release|Any CPU.ActiveCfg = Release|Any CPU
		{2D53F445-D618-45E1-9097-790610241FBE}.Release|Any CPU.Build.0 = Release|Any CPU
		{2D53F445-D618-45E1-9097-790610241FBE}.Release|ARM.ActiveCfg = Release|Any CPU
		{2D53F445-D618-45E1-9097-790610241FBE}.Release|ARM.Build.0 = Release|Any CPU
		{2D53F445-D618-45E1-9097-790610241FBE}.Release|x64.ActiveCfg = Release|Any CPU
		{2D53F445-D618-45E1-9097-790610241FBE}.Release|x64.Build.0 = Release|Any CPU
		{2D53F445-D618-45E1-9097-790610241FBE}.Release|x86.ActiveCfg = Release|Any CPU
		{2D53F445-D618-45E1-9097-790610241FBE}.Release|x86.Build.0 = Release|Any CPU
	EndGlobalSection
	GlobalSection(SolutionProperties) = preSolution
		HideSolutionNode = FALSE
	EndGlobalSection
	GlobalSection(NestedProjects) = preSolution
		{83F16175-43B1-4C90-A1EE-8E351C33435D} = {A6A6AF7D-D6E3-442D-9B1E-58CC91879BE1}
		{8E6D5255-776D-4B61-85F9-73C37AA1FB9A} = {A6A6AF7D-D6E3-442D-9B1E-58CC91879BE1}
		{97BE55D0-C641-4C27-BA4A-F4717DE95034} = {276AA61E-470F-44F2-B02C-63EB11D317D0}
		{15A000B7-9E76-4802-82B6-CA05F32AD20B} = {5861A35A-C72B-4CDD-8408-832E294AF2EC}
		{D4162D47-88B0-4DD4-8EC2-1986648DFCBE} = {B3066490-A9A6-4A16-8F8F-21368A22B454}
		{276AA61E-470F-44F2-B02C-63EB11D317D0} = {ED8079DD-2B06-4030-9F0F-DC548F98E1C4}
		{1FA67B72-66D7-4B76-A046-1813CEA32B55} = {ED8079DD-2B06-4030-9F0F-DC548F98E1C4}
		{169E2C0F-36CF-44DF-BE83-3CB3C3D7071B} = {ED8079DD-2B06-4030-9F0F-DC548F98E1C4}
		{2D42A751-9735-4C5B-8354-584BFC49199D} = {1FA67B72-66D7-4B76-A046-1813CEA32B55}
		{2D53F445-D618-45E1-9097-790610241FBE} = {B3066490-A9A6-4A16-8F8F-21368A22B454}
	EndGlobalSection
EndGlobal
